
Microsoft Visual Studio Solution File, Format Version 12.00
# Visual Studio Version 17
VisualStudioVersion = 17.14.36511.14
MinimumVisualStudioVersion = 10.0.40219.1
Project("{FAE04EC0-301F-11D3-BF4B-00C04F79EFBC}") = "WebApi", "BuStop\WebApi.csproj", "{16735DE8-0416-43CC-821B-A1AD2988BDB8}"
EndProject
Project("{FAE04EC0-301F-11D3-BF4B-00C04F79EFBC}") = "Application", "Application\Application.csproj", "{82667369-C082-4EF4-A069-6FD0618A4119}"
EndProject
Project("{FAE04EC0-301F-11D3-BF4B-00C04F79EFBC}") = "Domain", "..\JenilSojitra\CleanArchitectureDemo\CleanArchitecture\CleanArchitecture.Domain\Domain.csproj", "{9B6BAC4E-F6C6-B213-3796-EC3BE95713E0}"
EndProject
Project("{FAE04EC0-301F-11D3-BF4B-00C04F79EFBC}") = "Infraestructur", "Infraestructur\Infraestructur.csproj", "{B4198AE2-FC7A-4317-9052-9A209624F0D6}"
EndProject
Global
	GlobalSection(SolutionConfigurationPlatforms) = preSolution
		Debug|Any CPU = Debug|Any CPU
		Release|Any CPU = Release|Any CPU
	EndGlobalSection
	GlobalSection(ProjectConfigurationPlatforms) = postSolution
		{16735DE8-0416-43CC-821B-A1AD2988BDB8}.Debug|Any CPU.ActiveCfg = Debug|Any CPU
		{16735DE8-0416-43CC-821B-A1AD2988BDB8}.Debug|Any CPU.Build.0 = Debug|Any CPU
		{16735DE8-0416-43CC-821B-A1AD2988BDB8}.Release|Any CPU.ActiveCfg = Release|Any CPU
		{16735DE8-0416-43CC-821B-A1AD2988BDB8}.Release|Any CPU.Build.0 = Release|Any CPU
		{82667369-C082-4EF4-A069-6FD0618A4119}.Debug|Any CPU.ActiveCfg = Debug|Any CPU
		{82667369-C082-4EF4-A069-6FD0618A4119}.Debug|Any CPU.Build.0 = Debug|Any CPU
		{82667369-C082-4EF4-A069-6FD0618A4119}.Release|Any CPU.ActiveCfg = Release|Any CPU
		{82667369-C082-4EF4-A069-6FD0618A4119}.Release|Any CPU.Build.0 = Release|Any CPU
		{9B6BAC4E-F6C6-B213-3796-EC3BE95713E0}.Debug|Any CPU.ActiveCfg = Debug|Any CPU
		{9B6BAC4E-F6C6-B213-3796-EC3BE95713E0}.Debug|Any CPU.Build.0 = Debug|Any CPU
		{9B6BAC4E-F6C6-B213-3796-EC3BE95713E0}.Release|Any CPU.ActiveCfg = Release|Any CPU
		{9B6BAC4E-F6C6-B213-3796-EC3BE95713E0}.Release|Any CPU.Build.0 = Release|Any CPU
		{B4198AE2-FC7A-4317-9052-9A209624F0D6}.Debug|Any CPU.ActiveCfg = Debug|Any CPU
		{B4198AE2-FC7A-4317-9052-9A209624F0D6}.Debug|Any CPU.Build.0 = Debug|Any CPU
		{B4198AE2-FC7A-4317-9052-9A209624F0D6}.Release|Any CPU.ActiveCfg = Release|Any CPU
		{B4198AE2-FC7A-4317-9052-9A209624F0D6}.Release|Any CPU.Build.0 = Release|Any CPU
	EndGlobalSection
	GlobalSection(SolutionProperties) = preSolution
		HideSolutionNode = FALSE
	EndGlobalSection
	GlobalSection(ExtensibilityGlobals) = postSolution
		SolutionGuid = {653CA792-AC2B-4097-B148-B3376BD93D84}
	EndGlobalSection
EndGlobal
